
Microsoft Visual Studio Solution File, Format Version 12.00
# Visual Studio Version 16
VisualStudioVersion = 16.0.30717.126
MinimumVisualStudioVersion = 10.0.40219.1
Project("{9A19103F-16F7-4668-BE54-9A1E7A4F7556}") = "Payroll", "AplikacjaDzialKadriPlac\Payroll.csproj", "{3C5FC09F-8187-40F4-B39E-DA33268237D3}"
EndProject
Project("{2150E333-8FDC-42A3-9474-1A3956D46DE8}") = "Solution Items", "Solution Items", "{E379BBE5-DAC6-4DC9-906B-B9FFBB987492}"
	ProjectSection(SolutionItems) = preProject
		Bazapracownikow.json = Bazapracownikow.json
		Class1.cs = Class1.cs
	EndProjectSection
EndProject
Global
	GlobalSection(SolutionConfigurationPlatforms) = preSolution
		Debug|Any CPU = Debug|Any CPU
		Release|Any CPU = Release|Any CPU
	EndGlobalSection
	GlobalSection(ProjectConfigurationPlatforms) = postSolution
		{3C5FC09F-8187-40F4-B39E-DA33268237D3}.Debug|Any CPU.ActiveCfg = Debug|Any CPU
		{3C5FC09F-8187-40F4-B39E-DA33268237D3}.Debug|Any CPU.Build.0 = Debug|Any CPU
		{3C5FC09F-8187-40F4-B39E-DA33268237D3}.Release|Any CPU.ActiveCfg = Release|Any CPU
		{3C5FC09F-8187-40F4-B39E-DA33268237D3}.Release|Any CPU.Build.0 = Release|Any CPU
	EndGlobalSection
	GlobalSection(SolutionProperties) = preSolution
		HideSolutionNode = FALSE
	EndGlobalSection
	GlobalSection(ExtensibilityGlobals) = postSolution
		SolutionGuid = {7C17EC91-DACA-4ED5-B185-660365AA550E}
	EndGlobalSection
EndGlobal
